// !$*UTF8*$!
{
	archiveVersion = 1;
	classes = {
	};
	objectVersion = 77;
	objects = {

/* Begin PBXBuildFile section */
		4D497FB42D663702002AA28C /* KeyChainDemo.swift in Sources */ = {isa = PBXBuildFile; fileRef = 4D497FB32D663702002AA28C /* KeyChainDemo.swift */; };
		4D497FB72D663757002AA28C /* KeychainSwift in Frameworks */ = {isa = PBXBuildFile; productRef = 4D497FB62D663757002AA28C /* KeychainSwift */; };
		4D497FBC2D665006002AA28C /* LottieAnimationDemo.swift in Sources */ = {isa = PBXBuildFile; fileRef = 4D497FBB2D665005002AA28C /* LottieAnimationDemo.swift */; };
		4D497FC32D665328002AA28C /* star.json in Resources */ = {isa = PBXBuildFile; fileRef = 4D497FC22D665328002AA28C /* star.json */; };
		4D9F082D2D65BEE80057C59B /* ImageLoader.swift in Sources */ = {isa = PBXBuildFile; fileRef = 4D9F082C2D65BEE40057C59B /* ImageLoader.swift */; };
		4D9F082F2D65C0F80057C59B /* KingFIsherDemo.swift in Sources */ = {isa = PBXBuildFile; fileRef = 4D9F082E2D65C0F80057C59B /* KingFIsherDemo.swift */; };
		4D9F08322D65C1480057C59B /* Kingfisher in Frameworks */ = {isa = PBXBuildFile; productRef = 4D9F08312D65C1480057C59B /* Kingfisher */; };
		4DA7821C2D64B30D00400B2C /* SDWebImageSwiftUI in Frameworks */ = {isa = PBXBuildFile; productRef = 4DA7821B2D64B30D00400B2C /* SDWebImageSwiftUI */; };
		4DA782232D64B33200400B2C /* Preview Assets.xcassets in Resources */ = {isa = PBXBuildFile; fileRef = 4DA7821D2D64B33200400B2C /* Preview Assets.xcassets */; };
		4DA782242D64B33200400B2C /* Assets.xcassets in Resources */ = {isa = PBXBuildFile; fileRef = 4DA7821F2D64B33200400B2C /* Assets.xcassets */; };
		4DA782252D64B33200400B2C /* SDWebImage.swift in Sources */ = {isa = PBXBuildFile; fileRef = 4DA782202D64B33200400B2C /* SDWebImage.swift */; };
		4DA782262D64B33200400B2C /* SwiftUISPMApp.swift in Sources */ = {isa = PBXBuildFile; fileRef = 4DA782212D64B33200400B2C /* SwiftUISPMApp.swift */; };
		4DD0C3012D665A2300E7D0F1 /* Lottie in Frameworks */ = {isa = PBXBuildFile; productRef = 4DD0C3002D665A2300E7D0F1 /* Lottie */; };
/* End PBXBuildFile section */

/* Begin PBXCopyFilesBuildPhase section */
		4D497FC52D66539C002AA28C /* Embed Frameworks */ = {
			isa = PBXCopyFilesBuildPhase;
			buildActionMask = 2147483647;
			dstPath = "";
			dstSubfolderSpec = 10;
			files = (
			);
			name = "Embed Frameworks";
			runOnlyForDeploymentPostprocessing = 0;
		};
/* End PBXCopyFilesBuildPhase section */

/* Begin PBXFileReference section */
		4D32EF9E2D622EBA001EBF70 /* SwiftUISPM.app */ = {isa = PBXFileReference; explicitFileType = wrapper.application; includeInIndex = 0; path = SwiftUISPM.app; sourceTree = BUILT_PRODUCTS_DIR; };
		4D497FB32D663702002AA28C /* KeyChainDemo.swift */ = {isa = PBXFileReference; lastKnownFileType = sourcecode.swift; path = KeyChainDemo.swift; sourceTree = "<group>"; };
		4D497FBB2D665005002AA28C /* LottieAnimationDemo.swift */ = {isa = PBXFileReference; lastKnownFileType = sourcecode.swift; path = LottieAnimationDemo.swift; sourceTree = "<group>"; };
		4D497FC22D665328002AA28C /* star.json */ = {isa = PBXFileReference; lastKnownFileType = text.json; path = star.json; sourceTree = "<group>"; };
		4D9F082C2D65BEE40057C59B /* ImageLoader.swift */ = {isa = PBXFileReference; lastKnownFileType = sourcecode.swift; path = ImageLoader.swift; sourceTree = "<group>"; };
		4D9F082E2D65C0F80057C59B /* KingFIsherDemo.swift */ = {isa = PBXFileReference; lastKnownFileType = sourcecode.swift; path = KingFIsherDemo.swift; sourceTree = "<group>"; };
		4DA7821D2D64B33200400B2C /* Preview Assets.xcassets */ = {isa = PBXFileReference; lastKnownFileType = folder.assetcatalog; path = "Preview Assets.xcassets"; sourceTree = "<group>"; };
		4DA7821F2D64B33200400B2C /* Assets.xcassets */ = {isa = PBXFileReference; lastKnownFileType = folder.assetcatalog; path = Assets.xcassets; sourceTree = "<group>"; };
		4DA782202D64B33200400B2C /* SDWebImage.swift */ = {isa = PBXFileReference; lastKnownFileType = sourcecode.swift; path = SDWebImage.swift; sourceTree = "<group>"; };
		4DA782212D64B33200400B2C /* SwiftUISPMApp.swift */ = {isa = PBXFileReference; lastKnownFileType = sourcecode.swift; path = SwiftUISPMApp.swift; sourceTree = "<group>"; };
/* End PBXFileReference section */

/* Begin PBXFrameworksBuildPhase section */
		4D32EF9B2D622EBA001EBF70 /* Frameworks */ = {
			isa = PBXFrameworksBuildPhase;
			buildActionMask = 2147483647;
			files = (
				4D497FB72D663757002AA28C /* KeychainSwift in Frameworks */,
				4D9F08322D65C1480057C59B /* Kingfisher in Frameworks */,
				4DA7821C2D64B30D00400B2C /* SDWebImageSwiftUI in Frameworks */,
				4DD0C3012D665A2300E7D0F1 /* Lottie in Frameworks */,
			);
			runOnlyForDeploymentPostprocessing = 0;
		};
/* End PBXFrameworksBuildPhase section */

/* Begin PBXGroup section */
		4D32EF952D622EBA001EBF70 = {
			isa = PBXGroup;
			children = (
				4DA782222D64B33200400B2C /* SwiftUISPM */,
				4D32EF9F2D622EBA001EBF70 /* Products */,
			);
			sourceTree = "<group>";
		};
		4D32EF9F2D622EBA001EBF70 /* Products */ = {
			isa = PBXGroup;
			children = (
				4D32EF9E2D622EBA001EBF70 /* SwiftUISPM.app */,
			);
			name = Products;
			sourceTree = "<group>";
		};
		4D497FB22D6636D1002AA28C /* Keychains */ = {
			isa = PBXGroup;
			children = (
				4D497FB32D663702002AA28C /* KeyChainDemo.swift */,
			);
			path = Keychains;
			sourceTree = "<group>";
		};
		4D497FBA2D664D15002AA28C /* Lottie */ = {
			isa = PBXGroup;
			children = (
				4D497FC22D665328002AA28C /* star.json */,
				4D497FBB2D665005002AA28C /* LottieAnimationDemo.swift */,
			);
			path = Lottie;
			sourceTree = "<group>";
		};
		4D9F082B2D65BEBD0057C59B /* ImageLoading */ = {
			isa = PBXGroup;
			children = (
				4D9F082C2D65BEE40057C59B /* ImageLoader.swift */,
				4DA782202D64B33200400B2C /* SDWebImage.swift */,
				4D9F082E2D65C0F80057C59B /* KingFIsherDemo.swift */,
			);
			path = ImageLoading;
			sourceTree = "<group>";
		};
		4DA7821E2D64B33200400B2C /* Preview Content */ = {
			isa = PBXGroup;
			children = (
				4DA7821D2D64B33200400B2C /* Preview Assets.xcassets */,
			);
			path = "Preview Content";
			sourceTree = "<group>";
		};
		4DA782222D64B33200400B2C /* SwiftUISPM */ = {
			isa = PBXGroup;
			children = (
				4D497FBA2D664D15002AA28C /* Lottie */,
				4D497FB22D6636D1002AA28C /* Keychains */,
				4D9F082B2D65BEBD0057C59B /* ImageLoading */,
				4DA7821E2D64B33200400B2C /* Preview Content */,
				4DA7821F2D64B33200400B2C /* Assets.xcassets */,
				4DA782212D64B33200400B2C /* SwiftUISPMApp.swift */,
			);
			path = SwiftUISPM;
			sourceTree = "<group>";
		};
/* End PBXGroup section */

/* Begin PBXNativeTarget section */
		4D32EF9D2D622EBA001EBF70 /* SwiftUISPM */ = {
			isa = PBXNativeTarget;
			buildConfigurationList = 4D32EFAC2D622EBD001EBF70 /* Build configuration list for PBXNativeTarget "SwiftUISPM" */;
			buildPhases = (
				4D32EF9A2D622EBA001EBF70 /* Sources */,
				4D32EF9B2D622EBA001EBF70 /* Frameworks */,
				4D32EF9C2D622EBA001EBF70 /* Resources */,
				4D497FC52D66539C002AA28C /* Embed Frameworks */,
			);
			buildRules = (
			);
			dependencies = (
			);
			name = SwiftUISPM;
			packageProductDependencies = (
				4DA7821B2D64B30D00400B2C /* SDWebImageSwiftUI */,
				4D9F08312D65C1480057C59B /* Kingfisher */,
				4D497FB62D663757002AA28C /* KeychainSwift */,
				4DD0C3002D665A2300E7D0F1 /* Lottie */,
			);
			productName = SwiftUISPM;
			productReference = 4D32EF9E2D622EBA001EBF70 /* SwiftUISPM.app */;
			productType = "com.apple.product-type.application";
		};
/* End PBXNativeTarget section */

/* Begin PBXProject section */
		4D32EF962D622EBA001EBF70 /* Project object */ = {
			isa = PBXProject;
			attributes = {
				BuildIndependentTargetsInParallel = 1;
				LastSwiftUpdateCheck = 1620;
				LastUpgradeCheck = 1620;
				TargetAttributes = {
					4D32EF9D2D622EBA001EBF70 = {
						CreatedOnToolsVersion = 16.2;
					};
				};
			};
			buildConfigurationList = 4D32EF992D622EBA001EBF70 /* Build configuration list for PBXProject "SwiftUISPM" */;
			developmentRegion = en;
			hasScannedForEncodings = 0;
			knownRegions = (
				en,
				Base,
			);
			mainGroup = 4D32EF952D622EBA001EBF70;
			minimizedProjectReferenceProxies = 1;
			packageReferences = (
				4DA7821A2D64B30D00400B2C /* XCRemoteSwiftPackageReference "SDWebImageSwiftUI" */,
				4D9F08302D65C1480057C59B /* XCRemoteSwiftPackageReference "Kingfisher" */,
				4D497FB52D663757002AA28C /* XCRemoteSwiftPackageReference "keychain-swift" */,
				4DD0C2FF2D665A2300E7D0F1 /* XCRemoteSwiftPackageReference "lottie-spm" */,
			);
			preferredProjectObjectVersion = 77;
			productRefGroup = 4D32EF9F2D622EBA001EBF70 /* Products */;
			projectDirPath = "";
			projectRoot = "";
			targets = (
				4D32EF9D2D622EBA001EBF70 /* SwiftUISPM */,
			);
		};
/* End PBXProject section */

/* Begin PBXResourcesBuildPhase section */
		4D32EF9C2D622EBA001EBF70 /* Resources */ = {
			isa = PBXResourcesBuildPhase;
			buildActionMask = 2147483647;
			files = (
				4DA782232D64B33200400B2C /* Preview Assets.xcassets in Resources */,
				4D497FC32D665328002AA28C /* star.json in Resources */,
				4DA782242D64B33200400B2C /* Assets.xcassets in Resources */,
			);
			runOnlyForDeploymentPostprocessing = 0;
		};
/* End PBXResourcesBuildPhase section */

/* Begin PBXSourcesBuildPhase section */
		4D32EF9A2D622EBA001EBF70 /* Sources */ = {
			isa = PBXSourcesBuildPhase;
			buildActionMask = 2147483647;
			files = (
				4D497FBC2D665006002AA28C /* LottieAnimationDemo.swift in Sources */,
				4DA782252D64B33200400B2C /* SDWebImage.swift in Sources */,
				4DA782262D64B33200400B2C /* SwiftUISPMApp.swift in Sources */,
				4D9F082F2D65C0F80057C59B /* KingFIsherDemo.swift in Sources */,
				4D497FB42D663702002AA28C /* KeyChainDemo.swift in Sources */,
				4D9F082D2D65BEE80057C59B /* ImageLoader.swift in Sources */,
			);
			runOnlyForDeploymentPostprocessing = 0;
		};
/* End PBXSourcesBuildPhase section */

/* Begin XCBuildConfiguration section */
		4D32EFAA2D622EBD001EBF70 /* Debug */ = {
			isa = XCBuildConfiguration;
			buildSettings = {
				ALWAYS_SEARCH_USER_PATHS = NO;
				ASSETCATALOG_COMPILER_GENERATE_SWIFT_ASSET_SYMBOL_EXTENSIONS = YES;
				CLANG_ANALYZER_NONNULL = YES;
				CLANG_ANALYZER_NUMBER_OBJECT_CONVERSION = YES_AGGRESSIVE;
				CLANG_CXX_LANGUAGE_STANDARD = "gnu++20";
				CLANG_ENABLE_MODULES = YES;
				CLANG_ENABLE_OBJC_ARC = YES;
				CLANG_ENABLE_OBJC_WEAK = YES;
				CLANG_WARN_BLOCK_CAPTURE_AUTORELEASING = YES;
				CLANG_WARN_BOOL_CONVERSION = YES;
				CLANG_WARN_COMMA = YES;
				CLANG_WARN_CONSTANT_CONVERSION = YES;
				CLANG_WARN_DEPRECATED_OBJC_IMPLEMENTATIONS = YES;
				CLANG_WARN_DIRECT_OBJC_ISA_USAGE = YES_ERROR;
				CLANG_WARN_DOCUMENTATION_COMMENTS = YES;
				CLANG_WARN_EMPTY_BODY = YES;
				CLANG_WARN_ENUM_CONVERSION = YES;
				CLANG_WARN_INFINITE_RECURSION = YES;
				CLANG_WARN_INT_CONVERSION = YES;
				CLANG_WARN_NON_LITERAL_NULL_CONVERSION = YES;
				CLANG_WARN_OBJC_IMPLICIT_RETAIN_SELF = YES;
				CLANG_WARN_OBJC_LITERAL_CONVERSION = YES;
				CLANG_WARN_OBJC_ROOT_CLASS = YES_ERROR;
				CLANG_WARN_QUOTED_INCLUDE_IN_FRAMEWORK_HEADER = YES;
				CLANG_WARN_RANGE_LOOP_ANALYSIS = YES;
				CLANG_WARN_STRICT_PROTOTYPES = YES;
				CLANG_WARN_SUSPICIOUS_MOVE = YES;
				CLANG_WARN_UNGUARDED_AVAILABILITY = YES_AGGRESSIVE;
				CLANG_WARN_UNREACHABLE_CODE = YES;
				CLANG_WARN__DUPLICATE_METHOD_MATCH = YES;
				COPY_PHASE_STRIP = NO;
				DEBUG_INFORMATION_FORMAT = dwarf;
				ENABLE_STRICT_OBJC_MSGSEND = YES;
				ENABLE_TESTABILITY = YES;
				ENABLE_USER_SCRIPT_SANDBOXING = YES;
				GCC_C_LANGUAGE_STANDARD = gnu17;
				GCC_DYNAMIC_NO_PIC = NO;
				GCC_NO_COMMON_BLOCKS = YES;
				GCC_OPTIMIZATION_LEVEL = 0;
				GCC_PREPROCESSOR_DEFINITIONS = (
					"DEBUG=1",
					"$(inherited)",
				);
				GCC_WARN_64_TO_32_BIT_CONVERSION = YES;
				GCC_WARN_ABOUT_RETURN_TYPE = YES_ERROR;
				GCC_WARN_UNDECLARED_SELECTOR = YES;
				GCC_WARN_UNINITIALIZED_AUTOS = YES_AGGRESSIVE;
				GCC_WARN_UNUSED_FUNCTION = YES;
				GCC_WARN_UNUSED_VARIABLE = YES;
				IPHONEOS_DEPLOYMENT_TARGET = 18.2;
				LOCALIZATION_PREFERS_STRING_CATALOGS = YES;
				MTL_ENABLE_DEBUG_INFO = INCLUDE_SOURCE;
				MTL_FAST_MATH = YES;
				ONLY_ACTIVE_ARCH = YES;
				SDKROOT = iphoneos;
				SWIFT_ACTIVE_COMPILATION_CONDITIONS = "DEBUG $(inherited)";
				SWIFT_OPTIMIZATION_LEVEL = "-Onone";
			};
			name = Debug;
		};
		4D32EFAB2D622EBD001EBF70 /* Release */ = {
			isa = XCBuildConfiguration;
			buildSettings = {
				ALWAYS_SEARCH_USER_PATHS = NO;
				ASSETCATALOG_COMPILER_GENERATE_SWIFT_ASSET_SYMBOL_EXTENSIONS = YES;
				CLANG_ANALYZER_NONNULL = YES;
				CLANG_ANALYZER_NUMBER_OBJECT_CONVERSION = YES_AGGRESSIVE;
				CLANG_CXX_LANGUAGE_STANDARD = "gnu++20";
				CLANG_ENABLE_MODULES = YES;
				CLANG_ENABLE_OBJC_ARC = YES;
				CLANG_ENABLE_OBJC_WEAK = YES;
				CLANG_WARN_BLOCK_CAPTURE_AUTORELEASING = YES;
				CLANG_WARN_BOOL_CONVERSION = YES;
				CLANG_WARN_COMMA = YES;
				CLANG_WARN_CONSTANT_CONVERSION = YES;
				CLANG_WARN_DEPRECATED_OBJC_IMPLEMENTATIONS = YES;
				CLANG_WARN_DIRECT_OBJC_ISA_USAGE = YES_ERROR;
				CLANG_WARN_DOCUMENTATION_COMMENTS = YES;
				CLANG_WARN_EMPTY_BODY = YES;
				CLANG_WARN_ENUM_CONVERSION = YES;
				CLANG_WARN_INFINITE_RECURSION = YES;
				CLANG_WARN_INT_CONVERSION = YES;
				CLANG_WARN_NON_LITERAL_NULL_CONVERSION = YES;
				CLANG_WARN_OBJC_IMPLICIT_RETAIN_SELF = YES;
				CLANG_WARN_OBJC_LITERAL_CONVERSION = YES;
				CLANG_WARN_OBJC_ROOT_CLASS = YES_ERROR;
				CLANG_WARN_QUOTED_INCLUDE_IN_FRAMEWORK_HEADER = YES;
				CLANG_WARN_RANGE_LOOP_ANALYSIS = YES;
				CLANG_WARN_STRICT_PROTOTYPES = YES;
				CLANG_WARN_SUSPICIOUS_MOVE = YES;
				CLANG_WARN_UNGUARDED_AVAILABILITY = YES_AGGRESSIVE;
				CLANG_WARN_UNREACHABLE_CODE = YES;
				CLANG_WARN__DUPLICATE_METHOD_MATCH = YES;
				COPY_PHASE_STRIP = NO;
				DEBUG_INFORMATION_FORMAT = "dwarf-with-dsym";
				ENABLE_NS_ASSERTIONS = NO;
				ENABLE_STRICT_OBJC_MSGSEND = YES;
				ENABLE_USER_SCRIPT_SANDBOXING = YES;
				GCC_C_LANGUAGE_STANDARD = gnu17;
				GCC_NO_COMMON_BLOCKS = YES;
				GCC_WARN_64_TO_32_BIT_CONVERSION = YES;
				GCC_WARN_ABOUT_RETURN_TYPE = YES_ERROR;
				GCC_WARN_UNDECLARED_SELECTOR = YES;
				GCC_WARN_UNINITIALIZED_AUTOS = YES_AGGRESSIVE;
				GCC_WARN_UNUSED_FUNCTION = YES;
				GCC_WARN_UNUSED_VARIABLE = YES;
				IPHONEOS_DEPLOYMENT_TARGET = 18.2;
				LOCALIZATION_PREFERS_STRING_CATALOGS = YES;
				MTL_ENABLE_DEBUG_INFO = NO;
				MTL_FAST_MATH = YES;
				SDKROOT = iphoneos;
				SWIFT_COMPILATION_MODE = wholemodule;
				VALIDATE_PRODUCT = YES;
			};
			name = Release;
		};
		4D32EFAD2D622EBD001EBF70 /* Debug */ = {
			isa = XCBuildConfiguration;
			buildSettings = {
				ASSETCATALOG_COMPILER_APPICON_NAME = AppIcon;
				ASSETCATALOG_COMPILER_GLOBAL_ACCENT_COLOR_NAME = AccentColor;
				CODE_SIGN_STYLE = Automatic;
				CURRENT_PROJECT_VERSION = 1;
				DEVELOPMENT_ASSET_PATHS = "\"SwiftUISPM/Preview Content\"";
				ENABLE_PREVIEWS = YES;
				FRAMEWORK_SEARCH_PATHS = "$(BUILD_DIR)/PackageFrameworks";
				GENERATE_INFOPLIST_FILE = YES;
				INFOPLIST_KEY_UIApplicationSceneManifest_Generation = YES;
				INFOPLIST_KEY_UIApplicationSupportsIndirectInputEvents = YES;
				INFOPLIST_KEY_UILaunchScreen_Generation = YES;
				INFOPLIST_KEY_UISupportedInterfaceOrientations_iPad = "UIInterfaceOrientationPortrait UIInterfaceOrientationPortraitUpsideDown UIInterfaceOrientationLandscapeLeft UIInterfaceOrientationLandscapeRight";
				INFOPLIST_KEY_UISupportedInterfaceOrientations_iPhone = "UIInterfaceOrientationPortrait UIInterfaceOrientationLandscapeLeft UIInterfaceOrientationLandscapeRight";
				LD_RUNPATH_SEARCH_PATHS = (
					"$(inherited)",
					"@executable_path/Frameworks",
				);
				MARKETING_VERSION = 1.0;
				PRODUCT_BUNDLE_IDENTIFIER = ganesh.SwiftUISPM;
				PRODUCT_NAME = "$(TARGET_NAME)";
				SWIFT_EMIT_LOC_STRINGS = YES;
				SWIFT_VERSION = 5.0;
				TARGETED_DEVICE_FAMILY = "1,2";
			};
			name = Debug;
		};
		4D32EFAE2D622EBD001EBF70 /* Release */ = {
			isa = XCBuildConfiguration;
			buildSettings = {
				ASSETCATALOG_COMPILER_APPICON_NAME = AppIcon;
				ASSETCATALOG_COMPILER_GLOBAL_ACCENT_COLOR_NAME = AccentColor;
				CODE_SIGN_STYLE = Automatic;
				CURRENT_PROJECT_VERSION = 1;
				DEVELOPMENT_ASSET_PATHS = "\"SwiftUISPM/Preview Content\"";
				ENABLE_PREVIEWS = YES;
				FRAMEWORK_SEARCH_PATHS = "$(BUILD_DIR)/PackageFrameworks";
				GENERATE_INFOPLIST_FILE = YES;
				INFOPLIST_KEY_UIApplicationSceneManifest_Generation = YES;
				INFOPLIST_KEY_UIApplicationSupportsIndirectInputEvents = YES;
				INFOPLIST_KEY_UILaunchScreen_Generation = YES;
				INFOPLIST_KEY_UISupportedInterfaceOrientations_iPad = "UIInterfaceOrientationPortrait UIInterfaceOrientationPortraitUpsideDown UIInterfaceOrientationLandscapeLeft UIInterfaceOrientationLandscapeRight";
				INFOPLIST_KEY_UISupportedInterfaceOrientations_iPhone = "UIInterfaceOrientationPortrait UIInterfaceOrientationLandscapeLeft UIInterfaceOrientationLandscapeRight";
				LD_RUNPATH_SEARCH_PATHS = (
					"$(inherited)",
					"@executable_path/Frameworks",
				);
				MARKETING_VERSION = 1.0;
				PRODUCT_BUNDLE_IDENTIFIER = ganesh.SwiftUISPM;
				PRODUCT_NAME = "$(TARGET_NAME)";
				SWIFT_EMIT_LOC_STRINGS = YES;
				SWIFT_VERSION = 5.0;
				TARGETED_DEVICE_FAMILY = "1,2";
			};
			name = Release;
		};
/* End XCBuildConfiguration section */

/* Begin XCConfigurationList section */
		4D32EF992D622EBA001EBF70 /* Build configuration list for PBXProject "SwiftUISPM" */ = {
			isa = XCConfigurationList;
			buildConfigurations = (
				4D32EFAA2D622EBD001EBF70 /* Debug */,
				4D32EFAB2D622EBD001EBF70 /* Release */,
			);
			defaultConfigurationIsVisible = 0;
			defaultConfigurationName = Release;
		};
		4D32EFAC2D622EBD001EBF70 /* Build configuration list for PBXNativeTarget "SwiftUISPM" */ = {
			isa = XCConfigurationList;
			buildConfigurations = (
				4D32EFAD2D622EBD001EBF70 /* Debug */,
				4D32EFAE2D622EBD001EBF70 /* Release */,
			);
			defaultConfigurationIsVisible = 0;
			defaultConfigurationName = Release;
		};
/* End XCConfigurationList section */

/* Begin XCRemoteSwiftPackageReference section */
		4D497FB52D663757002AA28C /* XCRemoteSwiftPackageReference "keychain-swift" */ = {
			isa = XCRemoteSwiftPackageReference;
			repositoryURL = "https://github.com/evgenyneu/keychain-swift";
			requirement = {
				kind = exactVersion;
				version = 24.0.0;
			};
		};
		4D9F08302D65C1480057C59B /* XCRemoteSwiftPackageReference "Kingfisher" */ = {
			isa = XCRemoteSwiftPackageReference;
			repositoryURL = "https://github.com/onevcat/Kingfisher";
			requirement = {
				kind = exactVersion;
				version = 8.2.0;
			};
		};
		4DA7821A2D64B30D00400B2C /* XCRemoteSwiftPackageReference "SDWebImageSwiftUI" */ = {
			isa = XCRemoteSwiftPackageReference;
			repositoryURL = "https://github.com/SDWebImage/SDWebImageSwiftUI";
			requirement = {
				kind = exactVersion;
				version = 3.1.3;
			};
		};
		4DD0C2FF2D665A2300E7D0F1 /* XCRemoteSwiftPackageReference "lottie-spm" */ = {
			isa = XCRemoteSwiftPackageReference;
			repositoryURL = "https://github.com/airbnb/lottie-spm.git";
			requirement = {
				kind = exactVersion;
				version = 4.5.1;
			};
		};
/* End XCRemoteSwiftPackageReference section */

/* Begin XCSwiftPackageProductDependency section */
		4D497FB62D663757002AA28C /* KeychainSwift */ = {
			isa = XCSwiftPackageProductDependency;
			package = 4D497FB52D663757002AA28C /* XCRemoteSwiftPackageReference "keychain-swift" */;
			productName = KeychainSwift;
		};
		4D9F08312D65C1480057C59B /* Kingfisher */ = {
			isa = XCSwiftPackageProductDependency;
			package = 4D9F08302D65C1480057C59B /* XCRemoteSwiftPackageReference "Kingfisher" */;
			productName = Kingfisher;
		};
		4DA7821B2D64B30D00400B2C /* SDWebImageSwiftUI */ = {
			isa = XCSwiftPackageProductDependency;
			package = 4DA7821A2D64B30D00400B2C /* XCRemoteSwiftPackageReference "SDWebImageSwiftUI" */;
			productName = SDWebImageSwiftUI;
		};
		4DD0C3002D665A2300E7D0F1 /* Lottie */ = {
			isa = XCSwiftPackageProductDependency;
			package = 4DD0C2FF2D665A2300E7D0F1 /* XCRemoteSwiftPackageReference "lottie-spm" */;
			productName = Lottie;
		};
/* End XCSwiftPackageProductDependency section */
	};
	rootObject = 4D32EF962D622EBA001EBF70 /* Project object */;
}
